
Microsoft Visual Studio Solution File, Format Version 12.00
# Visual Studio Version 16
VisualStudioVersion = 16.0.30711.63
MinimumVisualStudioVersion = 10.0.40219.1
Project("{9A19103F-16F7-4668-BE54-9A1E7A4F7556}") = "BlazorDessert", "BlazorDessert\BlazorDessert.csproj", "{AF7E95D8-F032-4E89-8BB8-FEEEC99F9923}"
EndProject
Global
	GlobalSection(SolutionConfigurationPlatforms) = preSolution
		Debug|Any CPU = Debug|Any CPU
		Release|Any CPU = Release|Any CPU
	EndGlobalSection
	GlobalSection(ProjectConfigurationPlatforms) = postSolution
		{AF7E95D8-F032-4E89-8BB8-FEEEC99F9923}.Debug|Any CPU.ActiveCfg = Debug|Any CPU
		{AF7E95D8-F032-4E89-8BB8-FEEEC99F9923}.Debug|Any CPU.Build.0 = Debug|Any CPU
		{AF7E95D8-F032-4E89-8BB8-FEEEC99F9923}.Release|Any CPU.ActiveCfg = Release|Any CPU
		{AF7E95D8-F032-4E89-8BB8-FEEEC99F9923}.Release|Any CPU.Build.0 = Release|Any CPU
	EndGlobalSection
	GlobalSection(SolutionProperties) = preSolution
		HideSolutionNode = FALSE
	EndGlobalSection
	GlobalSection(ExtensibilityGlobals) = postSolution
		SolutionGuid = {32C0E1EC-5AD8-4875-861E-71AA21C80353}
	EndGlobalSection
EndGlobal
